<?xml version="1.0" encoding="utf-8"?>
<Project ToolsVersion="4.0" xmlns="http://schemas.microsoft.com/developer/msbuild/2003">
  <ItemGroup>
    <Filter Include="Header Files">
      <UniqueIdentifier>{93995380-89BD-4b04-88EB-625FBE52EBFB}</UniqueIdentifier>
      <Extensions>h;hh;hpp;hxx;h++;hm;inl;inc;ipp;xsd</Extensions>
    </Filter>
    <Filter Include="Resource Files">
      <UniqueIdentifier>{67DA6AB6-F800-4c08-8B7A-83BB121AAD01}</UniqueIdentifier>
      <Extensions>rc;ico;cur;bmp;dlg;rc2;rct;bin;rgs;gif;jpg;jpeg;jpe;resx;tiff;tif;png;wav;mfcribbon-ms</Extensions>
    </Filter>
    <Filter Include="Components">
      <UniqueIdentifier>{948eb533-5385-4524-8bf2-7cb6391360bb}</UniqueIdentifier>
    </Filter>
    <Filter Include="Main Files">
      <UniqueIdentifier>{4FC737F1-C7A5-4376-A066-2A32D752A2FF}</UniqueIdentifier>
      <Extensions>cpp;c;cc;cxx;c++;cppm;ixx;def;odl;idl;hpj;bat;asm;asmx</Extensions>
    </Filter>
    <Filter Include="Classes">
      <UniqueIdentifier>{c29bb5e1-2d51-45e7-908a-5d5418afc037}</UniqueIdentifier>
    </Filter>
  </ItemGroup>
  <ItemGroup>
    <ClCompile Include="BurgerTime.cpp">
      <Filter>Main Files</Filter>
    </ClCompile>
    <ClCompile Include="ComponentCharacterController.cpp">
      <Filter>Components</Filter>
    </ClCompile>
    <ClCompile Include="ComponentFollowOther.cpp">
      <Filter>Components</Filter>
    </ClCompile>
    <ClCompile Include="ComponentHealth.cpp">
      <Filter>Components</Filter>
    </ClCompile>
    <ClCompile Include="ComponentHealthDisplay.cpp">
      <Filter>Components</Filter>
    </ClCompile>
    <ClCompile Include="ComponentLadder.cpp">
      <Filter>Components</Filter>
    </ClCompile>
    <ClCompile Include="ComponentScoreDisplay.cpp">
      <Filter>Components</Filter>
    </ClCompile>
    <ClCompile Include="ComponentScoreManager.cpp">
      <Filter>Components</Filter>
    </ClCompile>
    <ClCompile Include="ComponentSpriteRenderer.cpp">
      <Filter>Components</Filter>
    </ClCompile>
    <ClCompile Include="ComponentText.cpp">
      <Filter>Components</Filter>
    </ClCompile>
    <ClCompile Include="ComponentTexture.cpp">
      <Filter>Components</Filter>
    </ClCompile>
    <ClCompile Include="ComponentTimer.cpp">
      <Filter>Components</Filter>
    </ClCompile>
    <ClCompile Include="FPSCounterBehaviour.cpp">
      <Filter>Components</Filter>
    </ClCompile>
    <ClCompile Include="BurgerTimeGlobal.cpp">
      <Filter>Header Files</Filter>
    </ClCompile>
    <ClCompile Include="Level.cpp">
      <Filter>Components</Filter>
    </ClCompile>
    <ClCompile Include="Platform.cpp">
      <Filter>Components</Filter>
    </ClCompile>
    <ClCompile Include="PepperCloud.cpp">
      <Filter>Components</Filter>
    </ClCompile>
    <ClCompile Include="EnemyController.cpp">
      <Filter>Components</Filter>
    </ClCompile>
    <ClCompile Include="FallingBurgerIngredient.cpp">
      <Filter>Components</Filter>
    </ClCompile>
    <ClCompile Include="IngredientPart.cpp">
      <Filter>Components</Filter>
    </ClCompile>
  </ItemGroup>
  <ItemGroup>
    <ClInclude Include="BurgerTimePCH.h">
      <Filter>Header Files</Filter>
    </ClInclude>
    <ClInclude Include="ComponentCharacterController.h">
      <Filter>Components</Filter>
    </ClInclude>
    <ClInclude Include="ComponentFollowOther.h">
      <Filter>Components</Filter>
    </ClInclude>
    <ClInclude Include="ComponentHealth.h">
      <Filter>Components</Filter>
    </ClInclude>
    <ClInclude Include="ComponentHealthDisplay.h">
      <Filter>Components</Filter>
    </ClInclude>
    <ClInclude Include="ComponentLadder.h">
      <Filter>Components</Filter>
    </ClInclude>
    <ClInclude Include="ComponentScoreDisplay.h">
      <Filter>Components</Filter>
    </ClInclude>
    <ClInclude Include="ComponentScoreManager.h">
      <Filter>Components</Filter>
    </ClInclude>
    <ClInclude Include="ComponentSpriteRenderer.h">
      <Filter>Components</Filter>
    </ClInclude>
    <ClInclude Include="ComponentText.h">
      <Filter>Components</Filter>
    </ClInclude>
    <ClInclude Include="ComponentTexture.h">
      <Filter>Components</Filter>
    </ClInclude>
    <ClInclude Include="ComponentTimer.h">
      <Filter>Components</Filter>
    </ClInclude>
    <ClInclude Include="BurgerTimeGlobal.h">
      <Filter>Header Files</Filter>
    </ClInclude>
    <ClInclude Include="FPSCounterBehaviour.h">
      <Filter>Components</Filter>
    </ClInclude>
    <ClInclude Include="Level.h">
      <Filter>Components</Filter>
    </ClInclude>
    <ClInclude Include="Platform.h">
      <Filter>Components</Filter>
    </ClInclude>
    <ClInclude Include="PepperCloud.h">
      <Filter>Components</Filter>
    </ClInclude>
    <ClInclude Include="EnemyController.h">
      <Filter>Components</Filter>
    </ClInclude>
    <ClInclude Include="FallingBurgerIngredient.h">
      <Filter>Components</Filter>
    </ClInclude>
    <ClInclude Include="IngredientPart.h">
      <Filter>Components</Filter>
    </ClInclude>
  </ItemGroup>
</Project>